
Microsoft Visual Studio Solution File, Format Version 12.00
# Visual Studio Version 16
VisualStudioVersion = 16.0.29613.14
MinimumVisualStudioVersion = 10.0.40219.1
Project("{9A19103F-16F7-4668-BE54-9A1E7A4F7556}") = "AutoMapper", "TestAutoMapper\AutoMapper.csproj", "{3ACFF38A-82F4-4866-8136-9E4CD7F11294}"
EndProject
Global
	GlobalSection(SolutionConfigurationPlatforms) = preSolution
		Debug|Any CPU = Debug|Any CPU
		Release|Any CPU = Release|Any CPU
	EndGlobalSection
	GlobalSection(ProjectConfigurationPlatforms) = postSolution
		{3ACFF38A-82F4-4866-8136-9E4CD7F11294}.Debug|Any CPU.ActiveCfg = Debug|Any CPU
		{3ACFF38A-82F4-4866-8136-9E4CD7F11294}.Debug|Any CPU.Build.0 = Debug|Any CPU
		{3ACFF38A-82F4-4866-8136-9E4CD7F11294}.Release|Any CPU.ActiveCfg = Release|Any CPU
		{3ACFF38A-82F4-4866-8136-9E4CD7F11294}.Release|Any CPU.Build.0 = Release|Any CPU
	EndGlobalSection
	GlobalSection(SolutionProperties) = preSolution
		HideSolutionNode = FALSE
	EndGlobalSection
	GlobalSection(ExtensibilityGlobals) = postSolution
		SolutionGuid = {1D85C5F6-C263-4E2C-A2AC-7864D0C64D34}
	EndGlobalSection
EndGlobal
